// !$*UTF8*$!
{
	archiveVersion = 1;
	classes = {
	};
	objectVersion = 48;
	objects = {

/* Begin PBXBuildFile section */
		DC768E8D1F399AC700433414 /* AppDelegate.swift in Sources */ = {isa = PBXBuildFile; fileRef = DC768E8C1F399AC700433414 /* AppDelegate.swift */; };
		DC768E8F1F399AC700433414 /* art.scnassets in Resources */ = {isa = PBXBuildFile; fileRef = DC768E8E1F399AC700433414 /* art.scnassets */; };
		DC768E911F399AC700433414 /* ViewController.swift in Sources */ = {isa = PBXBuildFile; fileRef = DC768E901F399AC700433414 /* ViewController.swift */; };
		DC768E941F399AC700433414 /* Main.storyboard in Resources */ = {isa = PBXBuildFile; fileRef = DC768E921F399AC700433414 /* Main.storyboard */; };
		DC768E961F399AC700433414 /* Assets.xcassets in Resources */ = {isa = PBXBuildFile; fileRef = DC768E951F399AC700433414 /* Assets.xcassets */; };
		DC768E991F399AC700433414 /* LaunchScreen.storyboard in Resources */ = {isa = PBXBuildFile; fileRef = DC768E971F399AC700433414 /* LaunchScreen.storyboard */; };
		DC768EA31F39B2BE00433414 /* Utils.swift in Sources */ = {isa = PBXBuildFile; fileRef = DC768EA21F39B2BE00433414 /* Utils.swift */; };
/* End PBXBuildFile section */

/* Begin PBXFileReference section */
		DC768E891F399AC700433414 /* MyARApp1.app */ = {isa = PBXFileReference; explicitFileType = wrapper.application; includeInIndex = 0; path = MyARApp1.app; sourceTree = BUILT_PRODUCTS_DIR; };
		DC768E8C1F399AC700433414 /* AppDelegate.swift */ = {isa = PBXFileReference; lastKnownFileType = sourcecode.swift; path = AppDelegate.swift; sourceTree = "<group>"; };
		DC768E8E1F399AC700433414 /* art.scnassets */ = {isa = PBXFileReference; lastKnownFileType = wrapper.scnassets; path = art.scnassets; sourceTree = "<group>"; };
		DC768E901F399AC700433414 /* ViewController.swift */ = {isa = PBXFileReference; lastKnownFileType = sourcecode.swift; path = ViewController.swift; sourceTree = "<group>"; };
		DC768E931F399AC700433414 /* Base */ = {isa = PBXFileReference; lastKnownFileType = file.storyboard; name = Base; path = Base.lproj/Main.storyboard; sourceTree = "<group>"; };
		DC768E951F399AC700433414 /* Assets.xcassets */ = {isa = PBXFileReference; lastKnownFileType = folder.assetcatalog; path = Assets.xcassets; sourceTree = "<group>"; };
		DC768E981F399AC700433414 /* Base */ = {isa = PBXFileReference; lastKnownFileType = file.storyboard; name = Base; path = Base.lproj/LaunchScreen.storyboard; sourceTree = "<group>"; };
		DC768E9A1F399AC700433414 /* Info.plist */ = {isa = PBXFileReference; lastKnownFileType = text.plist.xml; path = Info.plist; sourceTree = "<group>"; };
		DC768EA21F39B2BE00433414 /* Utils.swift */ = {isa = PBXFileReference; lastKnownFileType = sourcecode.swift; path = Utils.swift; sourceTree = "<group>"; };
/* End PBXFileReference section */

/* Begin PBXFrameworksBuildPhase section */
		DC768E861F399AC700433414 /* Frameworks */ = {
			isa = PBXFrameworksBuildPhase;
			buildActionMask = 2147483647;
			files = (
			);
			runOnlyForDeploymentPostprocessing = 0;
		};
/* End PBXFrameworksBuildPhase section */

/* Begin PBXGroup section */
		DC768E801F399AC700433414 = {
			isa = PBXGroup;
			children = (
				DC768E8B1F399AC700433414 /* MyARApp1 */,
				DC768E8A1F399AC700433414 /* Products */,
			);
			sourceTree = "<group>";
		};
		DC768E8A1F399AC700433414 /* Products */ = {
			isa = PBXGroup;
			children = (
				DC768E891F399AC700433414 /* MyARApp1.app */,
			);
			name = Products;
			sourceTree = "<group>";
		};
		DC768E8B1F399AC700433414 /* MyARApp1 */ = {
			isa = PBXGroup;
			children = (
				DC768E8C1F399AC700433414 /* AppDelegate.swift */,
				DC768E8E1F399AC700433414 /* art.scnassets */,
				DC768E901F399AC700433414 /* ViewController.swift */,
				DC768EA21F39B2BE00433414 /* Utils.swift */,
				DC768E921F399AC700433414 /* Main.storyboard */,
				DC768E951F399AC700433414 /* Assets.xcassets */,
				DC768E971F399AC700433414 /* LaunchScreen.storyboard */,
				DC768E9A1F399AC700433414 /* Info.plist */,
			);
			path = MyARApp1;
			sourceTree = "<group>";
		};
/* End PBXGroup section */

/* Begin PBXNativeTarget section */
		DC768E881F399AC700433414 /* MyARApp1 */ = {
			isa = PBXNativeTarget;
			buildConfigurationList = DC768E9D1F399AC700433414 /* Build configuration list for PBXNativeTarget "MyARApp1" */;
			buildPhases = (
				DC768E851F399AC700433414 /* Sources */,
				DC768E861F399AC700433414 /* Frameworks */,
				DC768E871F399AC700433414 /* Resources */,
			);
			buildRules = (
			);
			dependencies = (
			);
			name = MyARApp1;
			productName = MyARApp1;
			productReference = DC768E891F399AC700433414 /* MyARApp1.app */;
			productType = "com.apple.product-type.application";
		};
/* End PBXNativeTarget section */

/* Begin PBXProject section */
		DC768E811F399AC700433414 /* Project object */ = {
			isa = PBXProject;
			attributes = {
				LastSwiftUpdateCheck = 0900;
				LastUpgradeCheck = 0900;
				ORGANIZATIONNAME = "Leonardo Parro";
				TargetAttributes = {
					DC768E881F399AC700433414 = {
						CreatedOnToolsVersion = 9.0;
					};
				};
			};
			buildConfigurationList = DC768E841F399AC700433414 /* Build configuration list for PBXProject "MyARApp1" */;
			compatibilityVersion = "Xcode 8.0";
			developmentRegion = en;
			hasScannedForEncodings = 0;
			knownRegions = (
				en,
				Base,
			);
			mainGroup = DC768E801F399AC700433414;
			productRefGroup = DC768E8A1F399AC700433414 /* Products */;
			projectDirPath = "";
			projectRoot = "";
			targets = (
				DC768E881F399AC700433414 /* MyARApp1 */,
			);
		};
/* End PBXProject section */

/* Begin PBXResourcesBuildPhase section */
		DC768E871F399AC700433414 /* Resources */ = {
			isa = PBXResourcesBuildPhase;
			buildActionMask = 2147483647;
			files = (
				DC768E8F1F399AC700433414 /* art.scnassets in Resources */,
				DC768E991F399AC700433414 /* LaunchScreen.storyboard in Resources */,
				DC768E961F399AC700433414 /* Assets.xcassets in Resources */,
				DC768E941F399AC700433414 /* Main.storyboard in Resources */,
			);
			runOnlyForDeploymentPostprocessing = 0;
		};
/* End PBXResourcesBuildPhase section */

/* Begin PBXSourcesBuildPhase section */
		DC768E851F399AC700433414 /* Sources */ = {
			isa = PBXSourcesBuildPhase;
			buildActionMask = 2147483647;
			files = (
				DC768E911F399AC700433414 /* ViewController.swift in Sources */,
				DC768E8D1F399AC700433414 /* AppDelegate.swift in Sources */,
				DC768EA31F39B2BE00433414 /* Utils.swift in Sources */,
			);
			runOnlyForDeploymentPostprocessing = 0;
		};
/* End PBXSourcesBuildPhase section */

/* Begin PBXVariantGroup section */
		DC768E921F399AC700433414 /* Main.storyboard */ = {
			isa = PBXVariantGroup;
			children = (
				DC768E931F399AC700433414 /* Base */,
			);
			name = Main.storyboard;
			sourceTree = "<group>";
		};
		DC768E971F399AC700433414 /* LaunchScreen.storyboard */ = {
			isa = PBXVariantGroup;
			children = (
				DC768E981F399AC700433414 /* Base */,
			);
			name = LaunchScreen.storyboard;
			sourceTree = "<group>";
		};
/* End PBXVariantGroup section */

/* Begin XCBuildConfiguration section */
		DC768E9B1F399AC700433414 /* Debug */ = {
			isa = XCBuildConfiguration;
			buildSettings = {
				ALWAYS_SEARCH_USER_PATHS = NO;
				CLANG_ANALYZER_NONNULL = YES;
				CLANG_ANALYZER_NUMBER_OBJECT_CONVERSION = YES_AGGRESSIVE;
				CLANG_CXX_LANGUAGE_STANDARD = "gnu++14";
				CLANG_CXX_LIBRARY = "libc++";
				CLANG_ENABLE_MODULES = YES;
				CLANG_ENABLE_OBJC_ARC = YES;
				CLANG_WARN_BLOCK_CAPTURE_AUTORELEASING = YES;
				CLANG_WARN_BOOL_CONVERSION = YES;
				CLANG_WARN_COMMA = YES;
				CLANG_WARN_CONSTANT_CONVERSION = YES;
				CLANG_WARN_DIRECT_OBJC_ISA_USAGE = YES_ERROR;
				CLANG_WARN_DOCUMENTATION_COMMENTS = YES;
				CLANG_WARN_EMPTY_BODY = YES;
				CLANG_WARN_ENUM_CONVERSION = YES;
				CLANG_WARN_INFINITE_RECURSION = YES;
				CLANG_WARN_INT_CONVERSION = YES;
				CLANG_WARN_OBJC_ROOT_CLASS = YES_ERROR;
				CLANG_WARN_RANGE_LOOP_ANALYSIS = YES;
				CLANG_WARN_STRICT_PROTOTYPES = YES;
				CLANG_WARN_SUSPICIOUS_MOVE = YES;
				CLANG_WARN_UNGUARDED_AVAILABILITY = YES_AGGRESSIVE;
				CLANG_WARN_UNREACHABLE_CODE = YES;
				CLANG_WARN__DUPLICATE_METHOD_MATCH = YES;
				CODE_SIGN_IDENTITY = "iPhone Developer";
				COPY_PHASE_STRIP = NO;
				DEBUG_INFORMATION_FORMAT = dwarf;
				ENABLE_STRICT_OBJC_MSGSEND = YES;
				ENABLE_TESTABILITY = YES;
				GCC_C_LANGUAGE_STANDARD = gnu11;
				GCC_DYNAMIC_NO_PIC = NO;
				GCC_NO_COMMON_BLOCKS = YES;
				GCC_OPTIMIZATION_LEVEL = 0;
				GCC_PREPROCESSOR_DEFINITIONS = (
					"DEBUG=1",
					"$(inherited)",
				);
				GCC_WARN_64_TO_32_BIT_CONVERSION = YES;
				GCC_WARN_ABOUT_RETURN_TYPE = YES_ERROR;
				GCC_WARN_UNDECLARED_SELECTOR = YES;
				GCC_WARN_UNINITIALIZED_AUTOS = YES_AGGRESSIVE;
				GCC_WARN_UNUSED_FUNCTION = YES;
				GCC_WARN_UNUSED_VARIABLE = YES;
				IPHONEOS_DEPLOYMENT_TARGET = 11.0;
				MTL_ENABLE_DEBUG_INFO = YES;
				ONLY_ACTIVE_ARCH = YES;
				SDKROOT = iphoneos;
				SWIFT_ACTIVE_COMPILATION_CONDITIONS = DEBUG;
				SWIFT_OPTIMIZATION_LEVEL = "-Onone";
			};
			name = Debug;
		};
		DC768E9C1F399AC700433414 /* Release */ = {
			isa = XCBuildConfiguration;
			buildSettings = {
				ALWAYS_SEARCH_USER_PATHS = NO;
				CLANG_ANALYZER_NONNULL = YES;
				CLANG_ANALYZER_NUMBER_OBJECT_CONVERSION = YES_AGGRESSIVE;
				CLANG_CXX_LANGUAGE_STANDARD = "gnu++14";
				CLANG_CXX_LIBRARY = "libc++";
				CLANG_ENABLE_MODULES = YES;
				CLANG_ENABLE_OBJC_ARC = YES;
				CLANG_WARN_BLOCK_CAPTURE_AUTORELEASING = YES;
				CLANG_WARN_BOOL_CONVERSION = YES;
				CLANG_WARN_COMMA = YES;
				CLANG_WARN_CONSTANT_CONVERSION = YES;
				CLANG_WARN_DIRECT_OBJC_ISA_USAGE = YES_ERROR;
				CLANG_WARN_DOCUMENTATION_COMMENTS = YES;
				CLANG_WARN_EMPTY_BODY = YES;
				CLANG_WARN_ENUM_CONVERSION = YES;
				CLANG_WARN_INFINITE_RECURSION = YES;
				CLANG_WARN_INT_CONVERSION = YES;
				CLANG_WARN_OBJC_ROOT_CLASS = YES_ERROR;
				CLANG_WARN_RANGE_LOOP_ANALYSIS = YES;
				CLANG_WARN_STRICT_PROTOTYPES = YES;
				CLANG_WARN_SUSPICIOUS_MOVE = YES;
				CLANG_WARN_UNGUARDED_AVAILABILITY = YES_AGGRESSIVE;
				CLANG_WARN_UNREACHABLE_CODE = YES;
				CLANG_WARN__DUPLICATE_METHOD_MATCH = YES;
				CODE_SIGN_IDENTITY = "iPhone Developer";
				COPY_PHASE_STRIP = NO;
				DEBUG_INFORMATION_FORMAT = "dwarf-with-dsym";
				ENABLE_NS_ASSERTIONS = NO;
				ENABLE_STRICT_OBJC_MSGSEND = YES;
				GCC_C_LANGUAGE_STANDARD = gnu11;
				GCC_NO_COMMON_BLOCKS = YES;
				GCC_WARN_64_TO_32_BIT_CONVERSION = YES;
				GCC_WARN_ABOUT_RETURN_TYPE = YES_ERROR;
				GCC_WARN_UNDECLARED_SELECTOR = YES;
				GCC_WARN_UNINITIALIZED_AUTOS = YES_AGGRESSIVE;
				GCC_WARN_UNUSED_FUNCTION = YES;
				GCC_WARN_UNUSED_VARIABLE = YES;
				IPHONEOS_DEPLOYMENT_TARGET = 11.0;
				MTL_ENABLE_DEBUG_INFO = NO;
				SDKROOT = iphoneos;
				SWIFT_OPTIMIZATION_LEVEL = "-Owholemodule";
				VALIDATE_PRODUCT = YES;
			};
			name = Release;
		};
		DC768E9E1F399AC700433414 /* Debug */ = {
			isa = XCBuildConfiguration;
			buildSettings = {
				ASSETCATALOG_COMPILER_APPICON_NAME = AppIcon;
				DEVELOPMENT_TEAM = 57566Y3D83;
				INFOPLIST_FILE = MyARApp1/Info.plist;
				LD_RUNPATH_SEARCH_PATHS = "$(inherited) @executable_path/Frameworks";
				PRODUCT_BUNDLE_IDENTIFIER = com.jayrparro.MyARApp1;
				PRODUCT_NAME = "$(TARGET_NAME)";
				SWIFT_VERSION = 4.0;
				TARGETED_DEVICE_FAMILY = "1,2";
			};
			name = Debug;
		};
		DC768E9F1F399AC700433414 /* Release */ = {
			isa = XCBuildConfiguration;
			buildSettings = {
				ASSETCATALOG_COMPILER_APPICON_NAME = AppIcon;
				DEVELOPMENT_TEAM = 57566Y3D83;
				INFOPLIST_FILE = MyARApp1/Info.plist;
				LD_RUNPATH_SEARCH_PATHS = "$(inherited) @executable_path/Frameworks";
				PRODUCT_BUNDLE_IDENTIFIER = com.jayrparro.MyARApp1;
				PRODUCT_NAME = "$(TARGET_NAME)";
				SWIFT_VERSION = 4.0;
				TARGETED_DEVICE_FAMILY = "1,2";
			};
			name = Release;
		};
/* End XCBuildConfiguration section */

/* Begin XCConfigurationList section */
		DC768E841F399AC700433414 /* Build configuration list for PBXProject "MyARApp1" */ = {
			isa = XCConfigurationList;
			buildConfigurations = (
				DC768E9B1F399AC700433414 /* Debug */,
				DC768E9C1F399AC700433414 /* Release */,
			);
			defaultConfigurationIsVisible = 0;
			defaultConfigurationName = Release;
		};
		DC768E9D1F399AC700433414 /* Build configuration list for PBXNativeTarget "MyARApp1" */ = {
			isa = XCConfigurationList;
			buildConfigurations = (
				DC768E9E1F399AC700433414 /* Debug */,
				DC768E9F1F399AC700433414 /* Release */,
			);
			defaultConfigurationIsVisible = 0;
		};
/* End XCConfigurationList section */
	};
	rootObject = DC768E811F399AC700433414 /* Project object */;
}
